
Microsoft Visual Studio Solution File, Format Version 12.00
# Visual Studio Version 16
VisualStudioVersion = 16.0.31112.23
MinimumVisualStudioVersion = 10.0.40219.1
Project("{FAE04EC0-301F-11D3-BF4B-00C04F79EFBC}") = "Compunnel", "Compunnel\Compunnel.csproj", "{9A6A52A5-1DE5-40C0-A536-8E42C1351FBC}"
EndProject
Global
	GlobalSection(SolutionConfigurationPlatforms) = preSolution
		Debug|Any CPU = Debug|Any CPU
		Release|Any CPU = Release|Any CPU
	EndGlobalSection
	GlobalSection(ProjectConfigurationPlatforms) = postSolution
		{9A6A52A5-1DE5-40C0-A536-8E42C1351FBC}.Debug|Any CPU.ActiveCfg = Debug|Any CPU
		{9A6A52A5-1DE5-40C0-A536-8E42C1351FBC}.Debug|Any CPU.Build.0 = Debug|Any CPU
		{9A6A52A5-1DE5-40C0-A536-8E42C1351FBC}.Release|Any CPU.ActiveCfg = Release|Any CPU
		{9A6A52A5-1DE5-40C0-A536-8E42C1351FBC}.Release|Any CPU.Build.0 = Release|Any CPU
	EndGlobalSection
	GlobalSection(SolutionProperties) = preSolution
		HideSolutionNode = FALSE
	EndGlobalSection
	GlobalSection(ExtensibilityGlobals) = postSolution
		SolutionGuid = {116A10BA-2697-412F-90A7-460DFC17C2C4}
	EndGlobalSection
EndGlobal
